lockfileVersion: '9.0'

settings:
  autoInstallPeers: true
  excludeLinksFromLockfile: false

patchedDependencies:
  '@tmcp/session-manager-redis@0.1.0':
    hash: e888fc9e75fd59e800398cffe7579da60b70a1d8d6d8efb804f85f636f15fa13
    path: patches/@tmcp__session-manager-redis@0.1.0.patch
  '@tmcp/transport-sse@0.2.6':
    hash: 144e5858074c808836215fff2f008ac4e6f8352691a940bdcb973faa320dbbb5
    path: patches/@tmcp__transport-sse@0.2.6.patch

importers:

  .:
    dependencies:
      '@tmcp/adapter-valibot':
        specifier: ^0.1.4
        version: 0.1.4(tmcp@1.10.2)(valibot@1.1.0)
      '@tmcp/session-manager-redis':
        specifier: ^0.1.0
        version: 0.1.0(patch_hash=e888fc9e75fd59e800398cffe7579da60b70a1d8d6d8efb804f85f636f15fa13)
      '@tmcp/transport-http':
        specifier: ^0.5.5
        version: 0.5.5(tmcp@1.10.2)
      '@tmcp/transport-sse':
        specifier: ^0.2.6
        version: 0.2.6(patch_hash=144e5858074c808836215fff2f008ac4e6f8352691a940bdcb973faa320dbbb5)(tmcp@1.10.2)
      tmcp:
        specifier: ^1.10.2
        version: 1.10.2
      valibot:
        specifier: ^1.1.0
        version: 1.1.0

packages:

  '@redis/bloom@5.8.2':
    resolution: {integrity: sha512-855DR0ChetZLarblio5eM0yLwxA9Dqq50t8StXKp5bAtLT0G+rZ+eRzzqxl37sPqQKjUudSYypz55o6nNhbz0A==}
    engines: {node: '>= 18'}
    peerDependencies:
      '@redis/client': ^5.8.2

  '@redis/client@5.8.2':
    resolution: {integrity: sha512-WtMScno3+eBpTac1Uav2zugXEoXqaU23YznwvFgkPwBQVwEHTDgOG7uEAObtZ/Nyn8SmAMbqkEubJaMOvnqdsQ==}
    engines: {node: '>= 18'}

  '@redis/json@5.8.2':
    resolution: {integrity: sha512-uxpVfas3I0LccBX9rIfDgJ0dBrUa3+0Gc8sEwmQQH0vHi7C1Rx1Qn8Nv1QWz5bohoeIXMICFZRcyDONvum2l/w==}
    engines: {node: '>= 18'}
    peerDependencies:
      '@redis/client': ^5.8.2

  '@redis/search@5.8.2':
    resolution: {integrity: sha512-cNv7HlgayavCBXqPXgaS97DRPVWFznuzsAmmuemi2TMCx5scwLiP50TeZvUS06h/MG96YNPe6A0Zt57yayfxwA==}
    engines: {node: '>= 18'}
    peerDependencies:
      '@redis/client': ^5.8.2

  '@redis/time-series@5.8.2':
    resolution: {integrity: sha512-g2NlHM07fK8H4k+613NBsk3y70R2JIM2dPMSkhIjl2Z17SYvaYKdusz85d7VYOrZBWtDrHV/WD2E3vGu+zni8A==}
    engines: {node: '>= 18'}
    peerDependencies:
      '@redis/client': ^5.8.2

  '@standard-schema/spec@1.0.0':
    resolution: {integrity: sha512-m2bOd0f2RT9k8QJx1JN85cZYyH1RqFBdlwtkSlf4tBDYLCiiZnv1fIIwacK6cqwXavOydf0NPToMQgpKq+dVlA==}

  '@tmcp/adapter-valibot@0.1.4':
    resolution: {integrity: sha512-/fGCUz/L5RLCYC4L0Mo6s9Z9cSIIPztuHfIkhyo3WjMPTjQWUkFulA47sZSWRTaz5eKQxm5fV1qcfT7zHSuY3Q==}
    peerDependencies:
      tmcp: ^1.10.2
      valibot: ^1.1.0

  '@tmcp/session-manager-redis@0.1.0':
    resolution: {integrity: sha512-dhfs/QAoPI0Bdrfn1204aGAqxsR5ZODjJ7FojGWMAofPixhaHfsmrvPW9/w3ndVyp3ii+w7FMLjrjlOPqN8wMw==}

  '@tmcp/session-manager@0.1.0':
    resolution: {integrity: sha512-i5u7T6DoJeeBc2Y8Yrds1Mh87R6PPZbDXxD7r2npagYmiWgEQYwog47KYEfHjhRKaARL1YUk2DuTiXPTDpTf8Q==}

  '@tmcp/transport-http@0.5.5':
    resolution: {integrity: sha512-WHghZd2Dtv5vg8olDmJ4GnacOtgAxdqDRj+Y1ORryp9WMlf8x/7jJFV99wt02tlr5thJmNyg/3m11jH+oH8bSw==}
    peerDependencies:
      tmcp: ^1.10.2

  '@tmcp/transport-sse@0.2.6':
    resolution: {integrity: sha512-9YHMI3kFPQHNGNrvMbUEXoKqowmRA4gxs3xuXUqWSyn9pSusD6NM8gvZskOcQPmzwQNv0/v7sVAa3fOP3/ahtg==}
    peerDependencies:
      tmcp: ^1.10.2

  '@valibot/to-json-schema@1.3.0':
    resolution: {integrity: sha512-82Vv6x7sOYhv5YmTRgSppSqj1nn2pMCk5BqCMGWYp0V/fq+qirrbGncqZAtZ09/lrO40ne/7z8ejwE728aVreg==}
    peerDependencies:
      valibot: ^1.1.0

  cluster-key-slot@1.1.2:
    resolution: {integrity: sha512-RMr0FhtfXemyinomL4hrWcYJxmX6deFdCxpJzhDttxgO1+bcCnkk+9drydLVDmAMG7NE6aN/fl4F7ucU/90gAA==}
    engines: {node: '>=0.10.0'}

  json-rpc-2.0@1.7.1:
    resolution: {integrity: sha512-JqZjhjAanbpkXIzFE7u8mE/iFblawwlXtONaCvRqI+pyABVz7B4M1EUNpyVW+dZjqgQ2L5HFmZCmOCgUKm00hg==}

  redis@5.8.2:
    resolution: {integrity: sha512-31vunZj07++Y1vcFGcnNWEf5jPoTkGARgfWI4+Tk55vdwHxhAvug8VEtW7Cx+/h47NuJTEg/JL77zAwC6E0OeA==}
    engines: {node: '>= 18'}

  sqids@0.3.0:
    resolution: {integrity: sha512-lOQK1ucVg+W6n3FhRwwSeUijxe93b51Bfz5PMRMihVf1iVkl82ePQG7V5vwrhzB11v0NtsR25PSZRGiSomJaJw==}

  tmcp@1.10.2:
    resolution: {integrity: sha512-CrPjh4g2nLcNHf6/IHcmwPBg9P/HIDsEMuVwOw7HYjW6WZW6VRtuL0V/eUVvTZ8jXmuGhduXlPsuwPVgKNsc+g==}

  uri-template-matcher@1.1.1:
    resolution: {integrity: sha512-ooMjzxaqlquLZZU0Y+Ol+RAp5xav3oJ3qc3gO585QFmB9iX88ip8pflaCKKtkwPd40ro2noB8yQG2OhFddmddg==}

  valibot@1.1.0:
    resolution: {integrity: sha512-Nk8lX30Qhu+9txPYTwM0cFlWLdPFsFr6LblzqIySfbZph9+BFsAHsNvHOymEviUepeIW6KFHzpX8TKhbptBXXw==}
    peerDependencies:
      typescript: '>=5'
    peerDependenciesMeta:
      typescript:
        optional: true

snapshots:

  '@redis/bloom@5.8.2(@redis/client@5.8.2)':
    dependencies:
      '@redis/client': 5.8.2

  '@redis/client@5.8.2':
    dependencies:
      cluster-key-slot: 1.1.2

  '@redis/json@5.8.2(@redis/client@5.8.2)':
    dependencies:
      '@redis/client': 5.8.2

  '@redis/search@5.8.2(@redis/client@5.8.2)':
    dependencies:
      '@redis/client': 5.8.2

  '@redis/time-series@5.8.2(@redis/client@5.8.2)':
    dependencies:
      '@redis/client': 5.8.2

  '@standard-schema/spec@1.0.0': {}

  '@tmcp/adapter-valibot@0.1.4(tmcp@1.10.2)(valibot@1.1.0)':
    dependencies:
      '@standard-schema/spec': 1.0.0
      '@valibot/to-json-schema': 1.3.0(valibot@1.1.0)
      tmcp: 1.10.2
      valibot: 1.1.0

  '@tmcp/session-manager-redis@0.1.0(patch_hash=e888fc9e75fd59e800398cffe7579da60b70a1d8d6d8efb804f85f636f15fa13)':
    dependencies:
      '@tmcp/session-manager': 0.1.0
      redis: 5.8.2

  '@tmcp/session-manager@0.1.0': {}

  '@tmcp/transport-http@0.5.5(tmcp@1.10.2)':
    dependencies:
      '@tmcp/session-manager': 0.1.0
      tmcp: 1.10.2

  '@tmcp/transport-sse@0.2.6(patch_hash=144e5858074c808836215fff2f008ac4e6f8352691a940bdcb973faa320dbbb5)(tmcp@1.10.2)':
    dependencies:
      '@tmcp/session-manager': 0.1.0
      tmcp: 1.10.2

  '@valibot/to-json-schema@1.3.0(valibot@1.1.0)':
    dependencies:
      valibot: 1.1.0

  cluster-key-slot@1.1.2: {}

  json-rpc-2.0@1.7.1: {}

  redis@5.8.2:
    dependencies:
      '@redis/bloom': 5.8.2(@redis/client@5.8.2)
      '@redis/client': 5.8.2
      '@redis/json': 5.8.2(@redis/client@5.8.2)
      '@redis/search': 5.8.2(@redis/client@5.8.2)
      '@redis/time-series': 5.8.2(@redis/client@5.8.2)

  sqids@0.3.0: {}

  tmcp@1.10.2:
    dependencies:
      '@standard-schema/spec': 1.0.0
      json-rpc-2.0: 1.7.1
      sqids: 0.3.0
      uri-template-matcher: 1.1.1
      valibot: 1.1.0
    transitivePeerDependencies:
      - typescript

  uri-template-matcher@1.1.1: {}

  valibot@1.1.0: {}
